# This file is automatically @generated by Wally.
# It is not intended for manual editing.
registry = "test"

[[package]]
name = "sleitnick/knit"
version = "1.0.0"
dependencies = [["Loader", "sleitnick/loader@1.0.1"], ["Signal", "sleitnick/signal@1.0.0"], ["TableUtil", "sleitnick/table-util@1.0.0"]]

[[package]]
name = "sleitnick/loader"
version = "1.0.1"
dependencies = []

[[package]]
name = "sleitnick/signal"
version = "1.0.0"
dependencies = []

[[package]]
name = "sleitnick/table-util"
version = "1.0.0"
dependencies = []
